
Microsoft Visual Studio Solution File, Format Version 12.00
# Visual Studio Version 17
VisualStudioVersion = 17.7.34031.279
MinimumVisualStudioVersion = 10.0.40219.1
Project("{FAE04EC0-301F-11D3-BF4B-00C04F79EFBC}") = "MSBingMapsExtended", "MSBingMapsExtended.csproj", "{DD005C88-A270-4AE3-B94C-CD4CFB88C32A}"
EndProject
Global
	GlobalSection(SolutionConfigurationPlatforms) = preSolution
		Debug|Any CPU = Debug|Any CPU
		Release|Any CPU = Release|Any CPU
	EndGlobalSection
	GlobalSection(ProjectConfigurationPlatforms) = postSolution
		{DD005C88-A270-4AE3-B94C-CD4CFB88C32A}.Debug|Any CPU.ActiveCfg = Debug|Any CPU
		{DD005C88-A270-4AE3-B94C-CD4CFB88C32A}.Debug|Any CPU.Build.0 = Debug|Any CPU
		{DD005C88-A270-4AE3-B94C-CD4CFB88C32A}.Release|Any CPU.ActiveCfg = Release|Any CPU
		{DD005C88-A270-4AE3-B94C-CD4CFB88C32A}.Release|Any CPU.Build.0 = Release|Any CPU
	EndGlobalSection
	GlobalSection(SolutionProperties) = preSolution
		HideSolutionNode = FALSE
	EndGlobalSection
	GlobalSection(ExtensibilityGlobals) = postSolution
		SolutionGuid = {1076E2B1-9BBB-48AF-9328-BDD7BFB28A5E}
	EndGlobalSection
EndGlobal
